
Microsoft Visual Studio Solution File, Format Version 12.00
# Visual Studio Version 17
VisualStudioVersion = 17.1.32319.34
MinimumVisualStudioVersion = 10.0.40219.1
Project("{888888A0-9F3D-457C-B088-3A5042F75D52}") = "pusinex", "pusinex.pyproj", "{2ADFA734-27DA-4417-9A98-C83A11B914EE}"
EndProject
Global
	GlobalSection(SolutionConfigurationPlatforms) = preSolution
		Debug|Any CPU = Debug|Any CPU
		Release|Any CPU = Release|Any CPU
	EndGlobalSection
	GlobalSection(ProjectConfigurationPlatforms) = postSolution
		{2ADFA734-27DA-4417-9A98-C83A11B914EE}.Debug|Any CPU.ActiveCfg = Debug|Any CPU
		{2ADFA734-27DA-4417-9A98-C83A11B914EE}.Debug|Any CPU.Build.0 = Debug|Any CPU
		{2ADFA734-27DA-4417-9A98-C83A11B914EE}.Release|Any CPU.ActiveCfg = Release|Any CPU
		{2ADFA734-27DA-4417-9A98-C83A11B914EE}.Release|Any CPU.Build.0 = Release|Any CPU
	EndGlobalSection
	GlobalSection(SolutionProperties) = preSolution
		HideSolutionNode = FALSE
	EndGlobalSection
	GlobalSection(ExtensibilityGlobals) = postSolution
		SolutionGuid = {6DF77FB4-012C-4948-90F2-CB15CF849E37}
	EndGlobalSection
EndGlobal
